
Microsoft Visual Studio Solution File, Format Version 12.00
# Visual Studio Version 17
VisualStudioVersion = 17.0.31919.166
MinimumVisualStudioVersion = 10.0.40219.1
Project("{9A19103F-16F7-4668-BE54-9A1E7A4F7556}") = "CSharpPerformancePlaybook.Code.Tests", "CSharpPerformancePlaybook.Code.Tests\CSharpPerformancePlaybook.Code.Tests.csproj", "{26AFF728-CAA8-40FE-9D04-8C7F85C3FC11}"
EndProject
Project("{9A19103F-16F7-4668-BE54-9A1E7A4F7556}") = "CSharpPerformancePlaybook.Code", "CSharpPerformancePlaybook.Code\CSharpPerformancePlaybook.Code.csproj", "{A9648C7A-F881-4C57-8446-51E41B0DE3E6}"
EndProject
Project("{9A19103F-16F7-4668-BE54-9A1E7A4F7556}") = "CSharpPerformancePlaybook.Benchmarker", "CSharpPerformancePlaybook.Benchmarker\CSharpPerformancePlaybook.Benchmarker.csproj", "{E1A62E9B-1F5B-4116-848E-F9EF4E2C476F}"
EndProject
Project("{9A19103F-16F7-4668-BE54-9A1E7A4F7556}") = "CSharpPerformancePlaybook.Benchmarker.Tests", "CSharpPerformancePlaybook.Benchmarker.Tests\CSharpPerformancePlaybook.Benchmarker.Tests.csproj", "{513D4B27-BA69-475B-A414-2D3E1FE2C491}"
EndProject
Project("{9A19103F-16F7-4668-BE54-9A1E7A4F7556}") = "ConsoleApp1", "ConsoleApp1\ConsoleApp1.csproj", "{AD6DBA1F-A145-4636-91BB-FC6E683EF080}"
EndProject
Project("{9A19103F-16F7-4668-BE54-9A1E7A4F7556}") = "CSharpPerformancePlaybook.EFCore", "CSharpPerformancePlaybook.EFCore\CSharpPerformancePlaybook.EFCore.csproj", "{5F686B48-2256-4FD3-8CD1-D800A0E245B2}"
EndProject
Global
	GlobalSection(SolutionConfigurationPlatforms) = preSolution
		Debug|Any CPU = Debug|Any CPU
		Release|Any CPU = Release|Any CPU
	EndGlobalSection
	GlobalSection(ProjectConfigurationPlatforms) = postSolution
		{26AFF728-CAA8-40FE-9D04-8C7F85C3FC11}.Debug|Any CPU.ActiveCfg = Debug|Any CPU
		{26AFF728-CAA8-40FE-9D04-8C7F85C3FC11}.Debug|Any CPU.Build.0 = Debug|Any CPU
		{26AFF728-CAA8-40FE-9D04-8C7F85C3FC11}.Release|Any CPU.ActiveCfg = Release|Any CPU
		{26AFF728-CAA8-40FE-9D04-8C7F85C3FC11}.Release|Any CPU.Build.0 = Release|Any CPU
		{A9648C7A-F881-4C57-8446-51E41B0DE3E6}.Debug|Any CPU.ActiveCfg = Debug|Any CPU
		{A9648C7A-F881-4C57-8446-51E41B0DE3E6}.Debug|Any CPU.Build.0 = Debug|Any CPU
		{A9648C7A-F881-4C57-8446-51E41B0DE3E6}.Release|Any CPU.ActiveCfg = Release|Any CPU
		{A9648C7A-F881-4C57-8446-51E41B0DE3E6}.Release|Any CPU.Build.0 = Release|Any CPU
		{E1A62E9B-1F5B-4116-848E-F9EF4E2C476F}.Debug|Any CPU.ActiveCfg = Debug|Any CPU
		{E1A62E9B-1F5B-4116-848E-F9EF4E2C476F}.Debug|Any CPU.Build.0 = Debug|Any CPU
		{E1A62E9B-1F5B-4116-848E-F9EF4E2C476F}.Release|Any CPU.ActiveCfg = Release|Any CPU
		{E1A62E9B-1F5B-4116-848E-F9EF4E2C476F}.Release|Any CPU.Build.0 = Release|Any CPU
		{513D4B27-BA69-475B-A414-2D3E1FE2C491}.Debug|Any CPU.ActiveCfg = Debug|Any CPU
		{513D4B27-BA69-475B-A414-2D3E1FE2C491}.Debug|Any CPU.Build.0 = Debug|Any CPU
		{513D4B27-BA69-475B-A414-2D3E1FE2C491}.Release|Any CPU.ActiveCfg = Release|Any CPU
		{513D4B27-BA69-475B-A414-2D3E1FE2C491}.Release|Any CPU.Build.0 = Release|Any CPU
		{AD6DBA1F-A145-4636-91BB-FC6E683EF080}.Debug|Any CPU.ActiveCfg = Debug|Any CPU
		{AD6DBA1F-A145-4636-91BB-FC6E683EF080}.Debug|Any CPU.Build.0 = Debug|Any CPU
		{AD6DBA1F-A145-4636-91BB-FC6E683EF080}.Release|Any CPU.ActiveCfg = Release|Any CPU
		{AD6DBA1F-A145-4636-91BB-FC6E683EF080}.Release|Any CPU.Build.0 = Release|Any CPU
		{5F686B48-2256-4FD3-8CD1-D800A0E245B2}.Debug|Any CPU.ActiveCfg = Debug|Any CPU
		{5F686B48-2256-4FD3-8CD1-D800A0E245B2}.Debug|Any CPU.Build.0 = Debug|Any CPU
		{5F686B48-2256-4FD3-8CD1-D800A0E245B2}.Release|Any CPU.ActiveCfg = Release|Any CPU
		{5F686B48-2256-4FD3-8CD1-D800A0E245B2}.Release|Any CPU.Build.0 = Release|Any CPU
	EndGlobalSection
	GlobalSection(SolutionProperties) = preSolution
		HideSolutionNode = FALSE
	EndGlobalSection
	GlobalSection(ExtensibilityGlobals) = postSolution
		SolutionGuid = {D253F597-1388-4BCE-8880-A7944390ABF4}
	EndGlobalSection
EndGlobal
